
Microsoft Visual Studio Solution File, Format Version 12.00
# Visual Studio Version 16
VisualStudioVersion = 16.0.30523.141
MinimumVisualStudioVersion = 10.0.40219.1
Project("{9A19103F-16F7-4668-BE54-9A1E7A4F7556}") = "Asthma-Calc", "Asthma-Calc.csproj", "{C8C1E104-2B68-4E75-A228-EB49F12A0323}"
EndProject
Global
	GlobalSection(SolutionConfigurationPlatforms) = preSolution
		Debug|Any CPU = Debug|Any CPU
		Release|Any CPU = Release|Any CPU
	EndGlobalSection
	GlobalSection(ProjectConfigurationPlatforms) = postSolution
		{C8C1E104-2B68-4E75-A228-EB49F12A0323}.Debug|Any CPU.ActiveCfg = Debug|Any CPU
		{C8C1E104-2B68-4E75-A228-EB49F12A0323}.Debug|Any CPU.Build.0 = Debug|Any CPU
		{C8C1E104-2B68-4E75-A228-EB49F12A0323}.Release|Any CPU.ActiveCfg = Release|Any CPU
		{C8C1E104-2B68-4E75-A228-EB49F12A0323}.Release|Any CPU.Build.0 = Release|Any CPU
	EndGlobalSection
	GlobalSection(SolutionProperties) = preSolution
		HideSolutionNode = FALSE
	EndGlobalSection
	GlobalSection(ExtensibilityGlobals) = postSolution
		SolutionGuid = {2738D1F8-CE1E-4FF8-9523-A95D9C1FD603}
	EndGlobalSection
EndGlobal
